// !$*UTF8*$!
{
	archiveVersion = 1;
	classes = {
	};
	objectVersion = 50;
	objects = {

/* Begin PBXBuildFile section */
		EAE8BE1226CA459C00BE5CD7 /* LandmarksUIApp.swift in Sources */ = {isa = PBXBuildFile; fileRef = EAE8BE1126CA459C00BE5CD7 /* LandmarksUIApp.swift */; };
		EAE8BE1626CA459F00BE5CD7 /* Assets.xcassets in Resources */ = {isa = PBXBuildFile; fileRef = EAE8BE1526CA459F00BE5CD7 /* Assets.xcassets */; };
		EAE8BE1926CA459F00BE5CD7 /* Preview Assets.xcassets in Resources */ = {isa = PBXBuildFile; fileRef = EAE8BE1826CA459F00BE5CD7 /* Preview Assets.xcassets */; };
		EAE8BE2426CA459F00BE5CD7 /* LandmarksUITests.swift in Sources */ = {isa = PBXBuildFile; fileRef = EAE8BE2326CA459F00BE5CD7 /* LandmarksUITests.swift */; };
		EAE8BE2F26CA459F00BE5CD7 /* LandmarksUIUITests.swift in Sources */ = {isa = PBXBuildFile; fileRef = EAE8BE2E26CA459F00BE5CD7 /* LandmarksUIUITests.swift */; };
		EAE8BE4026CA48CE00BE5CD7 /* ContentView.swift in Sources */ = {isa = PBXBuildFile; fileRef = EAE8BE3F26CA48CE00BE5CD7 /* ContentView.swift */; };
		EAE8BE4226CA48FF00BE5CD7 /* CircleImage.swift in Sources */ = {isa = PBXBuildFile; fileRef = EAE8BE4126CA48FF00BE5CD7 /* CircleImage.swift */; };
		EAE8BE4426CA49C000BE5CD7 /* MapView.swift in Sources */ = {isa = PBXBuildFile; fileRef = EAE8BE4326CA49C000BE5CD7 /* MapView.swift */; };
		EAE8BE4726CA53E300BE5CD7 /* Landmark.swift in Sources */ = {isa = PBXBuildFile; fileRef = EAE8BE4626CA53E300BE5CD7 /* Landmark.swift */; };
		EAE8BE4926CA569800BE5CD7 /* ModelData.swift in Sources */ = {isa = PBXBuildFile; fileRef = EAE8BE4826CA569800BE5CD7 /* ModelData.swift */; };
		EAE8BE4C26CA597700BE5CD7 /* landmarkData.json in Resources */ = {isa = PBXBuildFile; fileRef = EAE8BE4B26CA597700BE5CD7 /* landmarkData.json */; };
		EAE8BE4E26CA59A300BE5CD7 /* LandmarkRow.swift in Sources */ = {isa = PBXBuildFile; fileRef = EAE8BE4D26CA59A300BE5CD7 /* LandmarkRow.swift */; };
		EAE8BE5026CA5B2F00BE5CD7 /* LandmarkList.swift in Sources */ = {isa = PBXBuildFile; fileRef = EAE8BE4F26CA5B2F00BE5CD7 /* LandmarkList.swift */; };
		EAE8BE5226CA5C0600BE5CD7 /* LandmarkDetail.swift in Sources */ = {isa = PBXBuildFile; fileRef = EAE8BE5126CA5C0600BE5CD7 /* LandmarkDetail.swift */; };
/* End PBXBuildFile section */

/* Begin PBXContainerItemProxy section */
		EAE8BE2026CA459F00BE5CD7 /* PBXContainerItemProxy */ = {
			isa = PBXContainerItemProxy;
			containerPortal = EAE8BE0626CA459C00BE5CD7 /* Project object */;
			proxyType = 1;
			remoteGlobalIDString = EAE8BE0D26CA459C00BE5CD7;
			remoteInfo = LandmarksUI;
		};
		EAE8BE2B26CA459F00BE5CD7 /* PBXContainerItemProxy */ = {
			isa = PBXContainerItemProxy;
			containerPortal = EAE8BE0626CA459C00BE5CD7 /* Project object */;
			proxyType = 1;
			remoteGlobalIDString = EAE8BE0D26CA459C00BE5CD7;
			remoteInfo = LandmarksUI;
		};
/* End PBXContainerItemProxy section */

/* Begin PBXFileReference section */
		EAE8BE0E26CA459C00BE5CD7 /* LandmarksUI.app */ = {isa = PBXFileReference; explicitFileType = wrapper.application; includeInIndex = 0; path = LandmarksUI.app; sourceTree = BUILT_PRODUCTS_DIR; };
		EAE8BE1126CA459C00BE5CD7 /* LandmarksUIApp.swift */ = {isa = PBXFileReference; lastKnownFileType = sourcecode.swift; path = LandmarksUIApp.swift; sourceTree = "<group>"; };
		EAE8BE1526CA459F00BE5CD7 /* Assets.xcassets */ = {isa = PBXFileReference; lastKnownFileType = folder.assetcatalog; path = Assets.xcassets; sourceTree = "<group>"; };
		EAE8BE1826CA459F00BE5CD7 /* Preview Assets.xcassets */ = {isa = PBXFileReference; lastKnownFileType = folder.assetcatalog; path = "Preview Assets.xcassets"; sourceTree = "<group>"; };
		EAE8BE1A26CA459F00BE5CD7 /* Info.plist */ = {isa = PBXFileReference; lastKnownFileType = text.plist.xml; path = Info.plist; sourceTree = "<group>"; };
		EAE8BE1F26CA459F00BE5CD7 /* LandmarksUITests.xctest */ = {isa = PBXFileReference; explicitFileType = wrapper.cfbundle; includeInIndex = 0; path = LandmarksUITests.xctest; sourceTree = BUILT_PRODUCTS_DIR; };
		EAE8BE2326CA459F00BE5CD7 /* LandmarksUITests.swift */ = {isa = PBXFileReference; lastKnownFileType = sourcecode.swift; path = LandmarksUITests.swift; sourceTree = "<group>"; };
		EAE8BE2526CA459F00BE5CD7 /* Info.plist */ = {isa = PBXFileReference; lastKnownFileType = text.plist.xml; path = Info.plist; sourceTree = "<group>"; };
		EAE8BE2A26CA459F00BE5CD7 /* LandmarksUIUITests.xctest */ = {isa = PBXFileReference; explicitFileType = wrapper.cfbundle; includeInIndex = 0; path = LandmarksUIUITests.xctest; sourceTree = BUILT_PRODUCTS_DIR; };
		EAE8BE2E26CA459F00BE5CD7 /* LandmarksUIUITests.swift */ = {isa = PBXFileReference; lastKnownFileType = sourcecode.swift; path = LandmarksUIUITests.swift; sourceTree = "<group>"; };
		EAE8BE3026CA459F00BE5CD7 /* Info.plist */ = {isa = PBXFileReference; lastKnownFileType = text.plist.xml; path = Info.plist; sourceTree = "<group>"; };
		EAE8BE3F26CA48CE00BE5CD7 /* ContentView.swift */ = {isa = PBXFileReference; lastKnownFileType = sourcecode.swift; path = ContentView.swift; sourceTree = "<group>"; };
		EAE8BE4126CA48FF00BE5CD7 /* CircleImage.swift */ = {isa = PBXFileReference; lastKnownFileType = sourcecode.swift; path = CircleImage.swift; sourceTree = "<group>"; };
		EAE8BE4326CA49C000BE5CD7 /* MapView.swift */ = {isa = PBXFileReference; lastKnownFileType = sourcecode.swift; path = MapView.swift; sourceTree = "<group>"; };
		EAE8BE4626CA53E300BE5CD7 /* Landmark.swift */ = {isa = PBXFileReference; lastKnownFileType = sourcecode.swift; path = Landmark.swift; sourceTree = "<group>"; };
		EAE8BE4826CA569800BE5CD7 /* ModelData.swift */ = {isa = PBXFileReference; lastKnownFileType = sourcecode.swift; path = ModelData.swift; sourceTree = "<group>"; };
		EAE8BE4B26CA597700BE5CD7 /* landmarkData.json */ = {isa = PBXFileReference; fileEncoding = 4; lastKnownFileType = text.json; path = landmarkData.json; sourceTree = "<group>"; };
		EAE8BE4D26CA59A300BE5CD7 /* LandmarkRow.swift */ = {isa = PBXFileReference; lastKnownFileType = sourcecode.swift; path = LandmarkRow.swift; sourceTree = "<group>"; };
		EAE8BE4F26CA5B2F00BE5CD7 /* LandmarkList.swift */ = {isa = PBXFileReference; lastKnownFileType = sourcecode.swift; path = LandmarkList.swift; sourceTree = "<group>"; };
		EAE8BE5126CA5C0600BE5CD7 /* LandmarkDetail.swift */ = {isa = PBXFileReference; lastKnownFileType = sourcecode.swift; path = LandmarkDetail.swift; sourceTree = "<group>"; };
/* End PBXFileReference section */

/* Begin PBXFrameworksBuildPhase section */
		EAE8BE0B26CA459C00BE5CD7 /* Frameworks */ = {
			isa = PBXFrameworksBuildPhase;
			buildActionMask = 2147483647;
			files = (
			);
			runOnlyForDeploymentPostprocessing = 0;
		};
		EAE8BE1C26CA459F00BE5CD7 /* Frameworks */ = {
			isa = PBXFrameworksBuildPhase;
			buildActionMask = 2147483647;
			files = (
			);
			runOnlyForDeploymentPostprocessing = 0;
		};
		EAE8BE2726CA459F00BE5CD7 /* Frameworks */ = {
			isa = PBXFrameworksBuildPhase;
			buildActionMask = 2147483647;
			files = (
			);
			runOnlyForDeploymentPostprocessing = 0;
		};
/* End PBXFrameworksBuildPhase section */

/* Begin PBXGroup section */
		EAE8BE0526CA459C00BE5CD7 = {
			isa = PBXGroup;
			children = (
				EAE8BE1026CA459C00BE5CD7 /* LandmarksUI */,
				EAE8BE2226CA459F00BE5CD7 /* LandmarksUITests */,
				EAE8BE2D26CA459F00BE5CD7 /* LandmarksUIUITests */,
				EAE8BE0F26CA459C00BE5CD7 /* Products */,
			);
			sourceTree = "<group>";
		};
		EAE8BE0F26CA459C00BE5CD7 /* Products */ = {
			isa = PBXGroup;
			children = (
				EAE8BE0E26CA459C00BE5CD7 /* LandmarksUI.app */,
				EAE8BE1F26CA459F00BE5CD7 /* LandmarksUITests.xctest */,
				EAE8BE2A26CA459F00BE5CD7 /* LandmarksUIUITests.xctest */,
			);
			name = Products;
			sourceTree = "<group>";
		};
		EAE8BE1026CA459C00BE5CD7 /* LandmarksUI */ = {
			isa = PBXGroup;
			children = (
				EAE8BE1126CA459C00BE5CD7 /* LandmarksUIApp.swift */,
				EAE8BE4526CA53C500BE5CD7 /* Model */,
				EAE8BE3E26CA488B00BE5CD7 /* Views */,
				EAE8BE4A26CA592D00BE5CD7 /* Resources */,
				EAE8BE1A26CA459F00BE5CD7 /* Info.plist */,
				EAE8BE1526CA459F00BE5CD7 /* Assets.xcassets */,
				EAE8BE1726CA459F00BE5CD7 /* Preview Content */,
			);
			path = LandmarksUI;
			sourceTree = "<group>";
		};
		EAE8BE1726CA459F00BE5CD7 /* Preview Content */ = {
			isa = PBXGroup;
			children = (
				EAE8BE1826CA459F00BE5CD7 /* Preview Assets.xcassets */,
			);
			path = "Preview Content";
			sourceTree = "<group>";
		};
		EAE8BE2226CA459F00BE5CD7 /* LandmarksUITests */ = {
			isa = PBXGroup;
			children = (
				EAE8BE2326CA459F00BE5CD7 /* LandmarksUITests.swift */,
				EAE8BE2526CA459F00BE5CD7 /* Info.plist */,
			);
			path = LandmarksUITests;
			sourceTree = "<group>";
		};
		EAE8BE2D26CA459F00BE5CD7 /* LandmarksUIUITests */ = {
			isa = PBXGroup;
			children = (
				EAE8BE2E26CA459F00BE5CD7 /* LandmarksUIUITests.swift */,
				EAE8BE3026CA459F00BE5CD7 /* Info.plist */,
			);
			path = LandmarksUIUITests;
			sourceTree = "<group>";
		};
		EAE8BE3E26CA488B00BE5CD7 /* Views */ = {
			isa = PBXGroup;
			children = (
				EAE8BE3F26CA48CE00BE5CD7 /* ContentView.swift */,
				EAE8BE4126CA48FF00BE5CD7 /* CircleImage.swift */,
				EAE8BE4326CA49C000BE5CD7 /* MapView.swift */,
				EAE8BE4D26CA59A300BE5CD7 /* LandmarkRow.swift */,
				EAE8BE4F26CA5B2F00BE5CD7 /* LandmarkList.swift */,
				EAE8BE5126CA5C0600BE5CD7 /* LandmarkDetail.swift */,
			);
			path = Views;
			sourceTree = "<group>";
		};
		EAE8BE4526CA53C500BE5CD7 /* Model */ = {
			isa = PBXGroup;
			children = (
				EAE8BE4626CA53E300BE5CD7 /* Landmark.swift */,
				EAE8BE4826CA569800BE5CD7 /* ModelData.swift */,
			);
			path = Model;
			sourceTree = "<group>";
		};
		EAE8BE4A26CA592D00BE5CD7 /* Resources */ = {
			isa = PBXGroup;
			children = (
				EAE8BE4B26CA597700BE5CD7 /* landmarkData.json */,
			);
			path = Resources;
			sourceTree = "<group>";
		};
/* End PBXGroup section */

/* Begin PBXNativeTarget section */
		EAE8BE0D26CA459C00BE5CD7 /* LandmarksUI */ = {
			isa = PBXNativeTarget;
			buildConfigurationList = EAE8BE3326CA459F00BE5CD7 /* Build configuration list for PBXNativeTarget "LandmarksUI" */;
			buildPhases = (
				EAE8BE0A26CA459C00BE5CD7 /* Sources */,
				EAE8BE0B26CA459C00BE5CD7 /* Frameworks */,
				EAE8BE0C26CA459C00BE5CD7 /* Resources */,
			);
			buildRules = (
			);
			dependencies = (
			);
			name = LandmarksUI;
			productName = LandmarksUI;
			productReference = EAE8BE0E26CA459C00BE5CD7 /* LandmarksUI.app */;
			productType = "com.apple.product-type.application";
		};
		EAE8BE1E26CA459F00BE5CD7 /* LandmarksUITests */ = {
			isa = PBXNativeTarget;
			buildConfigurationList = EAE8BE3626CA459F00BE5CD7 /* Build configuration list for PBXNativeTarget "LandmarksUITests" */;
			buildPhases = (
				EAE8BE1B26CA459F00BE5CD7 /* Sources */,
				EAE8BE1C26CA459F00BE5CD7 /* Frameworks */,
				EAE8BE1D26CA459F00BE5CD7 /* Resources */,
			);
			buildRules = (
			);
			dependencies = (
				EAE8BE2126CA459F00BE5CD7 /* PBXTargetDependency */,
			);
			name = LandmarksUITests;
			productName = LandmarksUITests;
			productReference = EAE8BE1F26CA459F00BE5CD7 /* LandmarksUITests.xctest */;
			productType = "com.apple.product-type.bundle.unit-test";
		};
		EAE8BE2926CA459F00BE5CD7 /* LandmarksUIUITests */ = {
			isa = PBXNativeTarget;
			buildConfigurationList = EAE8BE3926CA459F00BE5CD7 /* Build configuration list for PBXNativeTarget "LandmarksUIUITests" */;
			buildPhases = (
				EAE8BE2626CA459F00BE5CD7 /* Sources */,
				EAE8BE2726CA459F00BE5CD7 /* Frameworks */,
				EAE8BE2826CA459F00BE5CD7 /* Resources */,
			);
			buildRules = (
			);
			dependencies = (
				EAE8BE2C26CA459F00BE5CD7 /* PBXTargetDependency */,
			);
			name = LandmarksUIUITests;
			productName = LandmarksUIUITests;
			productReference = EAE8BE2A26CA459F00BE5CD7 /* LandmarksUIUITests.xctest */;
			productType = "com.apple.product-type.bundle.ui-testing";
		};
/* End PBXNativeTarget section */

/* Begin PBXProject section */
		EAE8BE0626CA459C00BE5CD7 /* Project object */ = {
			isa = PBXProject;
			attributes = {
				LastSwiftUpdateCheck = 1250;
				LastUpgradeCheck = 1250;
				TargetAttributes = {
					EAE8BE0D26CA459C00BE5CD7 = {
						CreatedOnToolsVersion = 12.5.1;
					};
					EAE8BE1E26CA459F00BE5CD7 = {
						CreatedOnToolsVersion = 12.5.1;
						TestTargetID = EAE8BE0D26CA459C00BE5CD7;
					};
					EAE8BE2926CA459F00BE5CD7 = {
						CreatedOnToolsVersion = 12.5.1;
						TestTargetID = EAE8BE0D26CA459C00BE5CD7;
					};
				};
			};
			buildConfigurationList = EAE8BE0926CA459C00BE5CD7 /* Build configuration list for PBXProject "LandmarksUI" */;
			compatibilityVersion = "Xcode 9.3";
			developmentRegion = en;
			hasScannedForEncodings = 0;
			knownRegions = (
				en,
				Base,
			);
			mainGroup = EAE8BE0526CA459C00BE5CD7;
			productRefGroup = EAE8BE0F26CA459C00BE5CD7 /* Products */;
			projectDirPath = "";
			projectRoot = "";
			targets = (
				EAE8BE0D26CA459C00BE5CD7 /* LandmarksUI */,
				EAE8BE1E26CA459F00BE5CD7 /* LandmarksUITests */,
				EAE8BE2926CA459F00BE5CD7 /* LandmarksUIUITests */,
			);
		};
/* End PBXProject section */

/* Begin PBXResourcesBuildPhase section */
		EAE8BE0C26CA459C00BE5CD7 /* Resources */ = {
			isa = PBXResourcesBuildPhase;
			buildActionMask = 2147483647;
			files = (
				EAE8BE1926CA459F00BE5CD7 /* Preview Assets.xcassets in Resources */,
				EAE8BE1626CA459F00BE5CD7 /* Assets.xcassets in Resources */,
				EAE8BE4C26CA597700BE5CD7 /* landmarkData.json in Resources */,
			);
			runOnlyForDeploymentPostprocessing = 0;
		};
		EAE8BE1D26CA459F00BE5CD7 /* Resources */ = {
			isa = PBXResourcesBuildPhase;
			buildActionMask = 2147483647;
			files = (
			);
			runOnlyForDeploymentPostprocessing = 0;
		};
		EAE8BE2826CA459F00BE5CD7 /* Resources */ = {
			isa = PBXResourcesBuildPhase;
			buildActionMask = 2147483647;
			files = (
			);
			runOnlyForDeploymentPostprocessing = 0;
		};
/* End PBXResourcesBuildPhase section */

/* Begin PBXSourcesBuildPhase section */
		EAE8BE0A26CA459C00BE5CD7 /* Sources */ = {
			isa = PBXSourcesBuildPhase;
			buildActionMask = 2147483647;
			files = (
				EAE8BE4026CA48CE00BE5CD7 /* ContentView.swift in Sources */,
				EAE8BE4426CA49C000BE5CD7 /* MapView.swift in Sources */,
				EAE8BE1226CA459C00BE5CD7 /* LandmarksUIApp.swift in Sources */,
				EAE8BE5026CA5B2F00BE5CD7 /* LandmarkList.swift in Sources */,
				EAE8BE5226CA5C0600BE5CD7 /* LandmarkDetail.swift in Sources */,
				EAE8BE4226CA48FF00BE5CD7 /* CircleImage.swift in Sources */,
				EAE8BE4726CA53E300BE5CD7 /* Landmark.swift in Sources */,
				EAE8BE4E26CA59A300BE5CD7 /* LandmarkRow.swift in Sources */,
				EAE8BE4926CA569800BE5CD7 /* ModelData.swift in Sources */,
			);
			runOnlyForDeploymentPostprocessing = 0;
		};
		EAE8BE1B26CA459F00BE5CD7 /* Sources */ = {
			isa = PBXSourcesBuildPhase;
			buildActionMask = 2147483647;
			files = (
				EAE8BE2426CA459F00BE5CD7 /* LandmarksUITests.swift in Sources */,
			);
			runOnlyForDeploymentPostprocessing = 0;
		};
		EAE8BE2626CA459F00BE5CD7 /* Sources */ = {
			isa = PBXSourcesBuildPhase;
			buildActionMask = 2147483647;
			files = (
				EAE8BE2F26CA459F00BE5CD7 /* LandmarksUIUITests.swift in Sources */,
			);
			runOnlyForDeploymentPostprocessing = 0;
		};
/* End PBXSourcesBuildPhase section */

/* Begin PBXTargetDependency section */
		EAE8BE2126CA459F00BE5CD7 /* PBXTargetDependency */ = {
			isa = PBXTargetDependency;
			target = EAE8BE0D26CA459C00BE5CD7 /* LandmarksUI */;
			targetProxy = EAE8BE2026CA459F00BE5CD7 /* PBXContainerItemProxy */;
		};
		EAE8BE2C26CA459F00BE5CD7 /* PBXTargetDependency */ = {
			isa = PBXTargetDependency;
			target = EAE8BE0D26CA459C00BE5CD7 /* LandmarksUI */;
			targetProxy = EAE8BE2B26CA459F00BE5CD7 /* PBXContainerItemProxy */;
		};
/* End PBXTargetDependency section */

/* Begin XCBuildConfiguration section */
		EAE8BE3126CA459F00BE5CD7 /* Debug */ = {
			isa = XCBuildConfiguration;
			buildSettings = {
				ALWAYS_SEARCH_USER_PATHS = NO;
				CLANG_ANALYZER_NONNULL = YES;
				CLANG_ANALYZER_NUMBER_OBJECT_CONVERSION = YES_AGGRESSIVE;
				CLANG_CXX_LANGUAGE_STANDARD = "gnu++14";
				CLANG_CXX_LIBRARY = "libc++";
				CLANG_ENABLE_MODULES = YES;
				CLANG_ENABLE_OBJC_ARC = YES;
				CLANG_ENABLE_OBJC_WEAK = YES;
				CLANG_WARN_BLOCK_CAPTURE_AUTORELEASING = YES;
				CLANG_WARN_BOOL_CONVERSION = YES;
				CLANG_WARN_COMMA = YES;
				CLANG_WARN_CONSTANT_CONVERSION = YES;
				CLANG_WARN_DEPRECATED_OBJC_IMPLEMENTATIONS = YES;
				CLANG_WARN_DIRECT_OBJC_ISA_USAGE = YES_ERROR;
				CLANG_WARN_DOCUMENTATION_COMMENTS = YES;
				CLANG_WARN_EMPTY_BODY = YES;
				CLANG_WARN_ENUM_CONVERSION = YES;
				CLANG_WARN_INFINITE_RECURSION = YES;
				CLANG_WARN_INT_CONVERSION = YES;
				CLANG_WARN_NON_LITERAL_NULL_CONVERSION = YES;
				CLANG_WARN_OBJC_IMPLICIT_RETAIN_SELF = YES;
				CLANG_WARN_OBJC_LITERAL_CONVERSION = YES;
				CLANG_WARN_OBJC_ROOT_CLASS = YES_ERROR;
				CLANG_WARN_QUOTED_INCLUDE_IN_FRAMEWORK_HEADER = YES;
				CLANG_WARN_RANGE_LOOP_ANALYSIS = YES;
				CLANG_WARN_STRICT_PROTOTYPES = YES;
				CLANG_WARN_SUSPICIOUS_MOVE = YES;
				CLANG_WARN_UNGUARDED_AVAILABILITY = YES_AGGRESSIVE;
				CLANG_WARN_UNREACHABLE_CODE = YES;
				CLANG_WARN__DUPLICATE_METHOD_MATCH = YES;
				COPY_PHASE_STRIP = NO;
				DEBUG_INFORMATION_FORMAT = dwarf;
				ENABLE_STRICT_OBJC_MSGSEND = YES;
				ENABLE_TESTABILITY = YES;
				GCC_C_LANGUAGE_STANDARD = gnu11;
				GCC_DYNAMIC_NO_PIC = NO;
				GCC_NO_COMMON_BLOCKS = YES;
				GCC_OPTIMIZATION_LEVEL = 0;
				GCC_PREPROCESSOR_DEFINITIONS = (
					"DEBUG=1",
					"$(inherited)",
				);
				GCC_WARN_64_TO_32_BIT_CONVERSION = YES;
				GCC_WARN_ABOUT_RETURN_TYPE = YES_ERROR;
				GCC_WARN_UNDECLARED_SELECTOR = YES;
				GCC_WARN_UNINITIALIZED_AUTOS = YES_AGGRESSIVE;
				GCC_WARN_UNUSED_FUNCTION = YES;
				GCC_WARN_UNUSED_VARIABLE = YES;
				IPHONEOS_DEPLOYMENT_TARGET = 14.5;
				MTL_ENABLE_DEBUG_INFO = INCLUDE_SOURCE;
				MTL_FAST_MATH = YES;
				ONLY_ACTIVE_ARCH = YES;
				SDKROOT = iphoneos;
				SWIFT_ACTIVE_COMPILATION_CONDITIONS = DEBUG;
				SWIFT_OPTIMIZATION_LEVEL = "-Onone";
			};
			name = Debug;
		};
		EAE8BE3226CA459F00BE5CD7 /* Release */ = {
			isa = XCBuildConfiguration;
			buildSettings = {
				ALWAYS_SEARCH_USER_PATHS = NO;
				CLANG_ANALYZER_NONNULL = YES;
				CLANG_ANALYZER_NUMBER_OBJECT_CONVERSION = YES_AGGRESSIVE;
				CLANG_CXX_LANGUAGE_STANDARD = "gnu++14";
				CLANG_CXX_LIBRARY = "libc++";
				CLANG_ENABLE_MODULES = YES;
				CLANG_ENABLE_OBJC_ARC = YES;
				CLANG_ENABLE_OBJC_WEAK = YES;
				CLANG_WARN_BLOCK_CAPTURE_AUTORELEASING = YES;
				CLANG_WARN_BOOL_CONVERSION = YES;
				CLANG_WARN_COMMA = YES;
				CLANG_WARN_CONSTANT_CONVERSION = YES;
				CLANG_WARN_DEPRECATED_OBJC_IMPLEMENTATIONS = YES;
				CLANG_WARN_DIRECT_OBJC_ISA_USAGE = YES_ERROR;
				CLANG_WARN_DOCUMENTATION_COMMENTS = YES;
				CLANG_WARN_EMPTY_BODY = YES;
				CLANG_WARN_ENUM_CONVERSION = YES;
				CLANG_WARN_INFINITE_RECURSION = YES;
				CLANG_WARN_INT_CONVERSION = YES;
				CLANG_WARN_NON_LITERAL_NULL_CONVERSION = YES;
				CLANG_WARN_OBJC_IMPLICIT_RETAIN_SELF = YES;
				CLANG_WARN_OBJC_LITERAL_CONVERSION = YES;
				CLANG_WARN_OBJC_ROOT_CLASS = YES_ERROR;
				CLANG_WARN_QUOTED_INCLUDE_IN_FRAMEWORK_HEADER = YES;
				CLANG_WARN_RANGE_LOOP_ANALYSIS = YES;
				CLANG_WARN_STRICT_PROTOTYPES = YES;
				CLANG_WARN_SUSPICIOUS_MOVE = YES;
				CLANG_WARN_UNGUARDED_AVAILABILITY = YES_AGGRESSIVE;
				CLANG_WARN_UNREACHABLE_CODE = YES;
				CLANG_WARN__DUPLICATE_METHOD_MATCH = YES;
				COPY_PHASE_STRIP = NO;
				DEBUG_INFORMATION_FORMAT = "dwarf-with-dsym";
				ENABLE_NS_ASSERTIONS = NO;
				ENABLE_STRICT_OBJC_MSGSEND = YES;
				GCC_C_LANGUAGE_STANDARD = gnu11;
				GCC_NO_COMMON_BLOCKS = YES;
				GCC_WARN_64_TO_32_BIT_CONVERSION = YES;
				GCC_WARN_ABOUT_RETURN_TYPE = YES_ERROR;
				GCC_WARN_UNDECLARED_SELECTOR = YES;
				GCC_WARN_UNINITIALIZED_AUTOS = YES_AGGRESSIVE;
				GCC_WARN_UNUSED_FUNCTION = YES;
				GCC_WARN_UNUSED_VARIABLE = YES;
				IPHONEOS_DEPLOYMENT_TARGET = 14.5;
				MTL_ENABLE_DEBUG_INFO = NO;
				MTL_FAST_MATH = YES;
				SDKROOT = iphoneos;
				SWIFT_COMPILATION_MODE = wholemodule;
				SWIFT_OPTIMIZATION_LEVEL = "-O";
				VALIDATE_PRODUCT = YES;
			};
			name = Release;
		};
		EAE8BE3426CA459F00BE5CD7 /* Debug */ = {
			isa = XCBuildConfiguration;
			buildSettings = {
				ASSETCATALOG_COMPILER_APPICON_NAME = AppIcon;
				ASSETCATALOG_COMPILER_GLOBAL_ACCENT_COLOR_NAME = AccentColor;
				CODE_SIGN_STYLE = Automatic;
				DEVELOPMENT_ASSET_PATHS = "\"LandmarksUI/Preview Content\"";
				ENABLE_PREVIEWS = YES;
				INFOPLIST_FILE = LandmarksUI/Info.plist;
				IPHONEOS_DEPLOYMENT_TARGET = 14.0;
				LD_RUNPATH_SEARCH_PATHS = (
					"$(inherited)",
					"@executable_path/Frameworks",
				);
				PRODUCT_BUNDLE_IDENTIFIER = sampoo.LandmarksUI;
				PRODUCT_NAME = "$(TARGET_NAME)";
				SWIFT_VERSION = 5.0;
				TARGETED_DEVICE_FAMILY = "1,2";
			};
			name = Debug;
		};
		EAE8BE3526CA459F00BE5CD7 /* Release */ = {
			isa = XCBuildConfiguration;
			buildSettings = {
				ASSETCATALOG_COMPILER_APPICON_NAME = AppIcon;
				ASSETCATALOG_COMPILER_GLOBAL_ACCENT_COLOR_NAME = AccentColor;
				CODE_SIGN_STYLE = Automatic;
				DEVELOPMENT_ASSET_PATHS = "\"LandmarksUI/Preview Content\"";
				ENABLE_PREVIEWS = YES;
				INFOPLIST_FILE = LandmarksUI/Info.plist;
				IPHONEOS_DEPLOYMENT_TARGET = 14.0;
				LD_RUNPATH_SEARCH_PATHS = (
					"$(inherited)",
					"@executable_path/Frameworks",
				);
				PRODUCT_BUNDLE_IDENTIFIER = sampoo.LandmarksUI;
				PRODUCT_NAME = "$(TARGET_NAME)";
				SWIFT_VERSION = 5.0;
				TARGETED_DEVICE_FAMILY = "1,2";
			};
			name = Release;
		};
		EAE8BE3726CA459F00BE5CD7 /* Debug */ = {
			isa = XCBuildConfiguration;
			buildSettings = {
				ALWAYS_EMBED_SWIFT_STANDARD_LIBRARIES = YES;
				BUNDLE_LOADER = "$(TEST_HOST)";
				CODE_SIGN_STYLE = Automatic;
				INFOPLIST_FILE = LandmarksUITests/Info.plist;
				IPHONEOS_DEPLOYMENT_TARGET = 14.0;
				LD_RUNPATH_SEARCH_PATHS = (
					"$(inherited)",
					"@executable_path/Frameworks",
					"@loader_path/Frameworks",
				);
				PRODUCT_BUNDLE_IDENTIFIER = sampoo.LandmarksUITests;
				PRODUCT_NAME = "$(TARGET_NAME)";
				SWIFT_VERSION = 5.0;
				TARGETED_DEVICE_FAMILY = "1,2";
				TEST_HOST = "$(BUILT_PRODUCTS_DIR)/LandmarksUI.app/LandmarksUI";
			};
			name = Debug;
		};
		EAE8BE3826CA459F00BE5CD7 /* Release */ = {
			isa = XCBuildConfiguration;
			buildSettings = {
				ALWAYS_EMBED_SWIFT_STANDARD_LIBRARIES = YES;
				BUNDLE_LOADER = "$(TEST_HOST)";
				CODE_SIGN_STYLE = Automatic;
				INFOPLIST_FILE = LandmarksUITests/Info.plist;
				IPHONEOS_DEPLOYMENT_TARGET = 14.0;
				LD_RUNPATH_SEARCH_PATHS = (
					"$(inherited)",
					"@executable_path/Frameworks",
					"@loader_path/Frameworks",
				);
				PRODUCT_BUNDLE_IDENTIFIER = sampoo.LandmarksUITests;
				PRODUCT_NAME = "$(TARGET_NAME)";
				SWIFT_VERSION = 5.0;
				TARGETED_DEVICE_FAMILY = "1,2";
				TEST_HOST = "$(BUILT_PRODUCTS_DIR)/LandmarksUI.app/LandmarksUI";
			};
			name = Release;
		};
		EAE8BE3A26CA459F00BE5CD7 /* Debug */ = {
			isa = XCBuildConfiguration;
			buildSettings = {
				ALWAYS_EMBED_SWIFT_STANDARD_LIBRARIES = YES;
				CODE_SIGN_STYLE = Automatic;
				INFOPLIST_FILE = LandmarksUIUITests/Info.plist;
				LD_RUNPATH_SEARCH_PATHS = (
					"$(inherited)",
					"@executable_path/Frameworks",
					"@loader_path/Frameworks",
				);
				PRODUCT_BUNDLE_IDENTIFIER = sampoo.LandmarksUIUITests;
				PRODUCT_NAME = "$(TARGET_NAME)";
				SWIFT_VERSION = 5.0;
				TARGETED_DEVICE_FAMILY = "1,2";
				TEST_TARGET_NAME = LandmarksUI;
			};
			name = Debug;
		};
		EAE8BE3B26CA459F00BE5CD7 /* Release */ = {
			isa = XCBuildConfiguration;
			buildSettings = {
				ALWAYS_EMBED_SWIFT_STANDARD_LIBRARIES = YES;
				CODE_SIGN_STYLE = Automatic;
				INFOPLIST_FILE = LandmarksUIUITests/Info.plist;
				LD_RUNPATH_SEARCH_PATHS = (
					"$(inherited)",
					"@executable_path/Frameworks",
					"@loader_path/Frameworks",
				);
				PRODUCT_BUNDLE_IDENTIFIER = sampoo.LandmarksUIUITests;
				PRODUCT_NAME = "$(TARGET_NAME)";
				SWIFT_VERSION = 5.0;
				TARGETED_DEVICE_FAMILY = "1,2";
				TEST_TARGET_NAME = LandmarksUI;
			};
			name = Release;
		};
/* End XCBuildConfiguration section */

/* Begin XCConfigurationList section */
		EAE8BE0926CA459C00BE5CD7 /* Build configuration list for PBXProject "LandmarksUI" */ = {
			isa = XCConfigurationList;
			buildConfigurations = (
				EAE8BE3126CA459F00BE5CD7 /* Debug */,
				EAE8BE3226CA459F00BE5CD7 /* Release */,
			);
			defaultConfigurationIsVisible = 0;
			defaultConfigurationName = Release;
		};
		EAE8BE3326CA459F00BE5CD7 /* Build configuration list for PBXNativeTarget "LandmarksUI" */ = {
			isa = XCConfigurationList;
			buildConfigurations = (
				EAE8BE3426CA459F00BE5CD7 /* Debug */,
				EAE8BE3526CA459F00BE5CD7 /* Release */,
			);
			defaultConfigurationIsVisible = 0;
			defaultConfigurationName = Release;
		};
		EAE8BE3626CA459F00BE5CD7 /* Build configuration list for PBXNativeTarget "LandmarksUITests" */ = {
			isa = XCConfigurationList;
			buildConfigurations = (
				EAE8BE3726CA459F00BE5CD7 /* Debug */,
				EAE8BE3826CA459F00BE5CD7 /* Release */,
			);
			defaultConfigurationIsVisible = 0;
			defaultConfigurationName = Release;
		};
		EAE8BE3926CA459F00BE5CD7 /* Build configuration list for PBXNativeTarget "LandmarksUIUITests" */ = {
			isa = XCConfigurationList;
			buildConfigurations = (
				EAE8BE3A26CA459F00BE5CD7 /* Debug */,
				EAE8BE3B26CA459F00BE5CD7 /* Release */,
			);
			defaultConfigurationIsVisible = 0;
			defaultConfigurationName = Release;
		};
/* End XCConfigurationList section */
	};
	rootObject = EAE8BE0626CA459C00BE5CD7 /* Project object */;
}
